
Microsoft Visual Studio Solution File, Format Version 12.00
# Visual Studio Version 17
VisualStudioVersion = 17.6.33712.159
MinimumVisualStudioVersion = 10.0.40219.1
Project("{FAE04EC0-301F-11D3-BF4B-00C04F79EFBC}") = "BankCards", "BankCards\BankCards.csproj", "{C199203F-ED5F-4AE6-B5C1-EF7079401AF0}"
EndProject
Global
	GlobalSection(SolutionConfigurationPlatforms) = preSolution
		Debug|Any CPU = Debug|Any CPU
		Release|Any CPU = Release|Any CPU
	EndGlobalSection
	GlobalSection(ProjectConfigurationPlatforms) = postSolution
		{C199203F-ED5F-4AE6-B5C1-EF7079401AF0}.Debug|Any CPU.ActiveCfg = Debug|Any CPU
		{C199203F-ED5F-4AE6-B5C1-EF7079401AF0}.Debug|Any CPU.Build.0 = Debug|Any CPU
		{C199203F-ED5F-4AE6-B5C1-EF7079401AF0}.Release|Any CPU.ActiveCfg = Release|Any CPU
		{C199203F-ED5F-4AE6-B5C1-EF7079401AF0}.Release|Any CPU.Build.0 = Release|Any CPU
	EndGlobalSection
	GlobalSection(SolutionProperties) = preSolution
		HideSolutionNode = FALSE
	EndGlobalSection
	GlobalSection(ExtensibilityGlobals) = postSolution
		SolutionGuid = {B4183DD9-B196-4FC9-BDD9-B4A773B8328B}
	EndGlobalSection
EndGlobal
